{
  "requires": true,
  "lockfileVersion": 1,
  "dependencies": {
    "lix": {
      "version": "15.3.5",
      "resolved": "https://registry.npmjs.org/lix/-/lix-15.3.5.tgz",
      "integrity": "sha512-/4XUC10MZMHoZdfCoLZMWLj/We45eZnNRAOuWL/x6wc3WRRRCmpqtXhhuNLjxf3Wu82L7WyEJ2gO8GZ53qJcXw=="
    }
  }
}
